// !$*UTF8*$!
{
	archiveVersion = 1;
	classes = {
	};
	objectVersion = 51;
	objects = {

/* Begin PBXBuildFile section */
		138E65D9C42A858D6B64FB43 /* Pods_XMMPAuth.framework in Frameworks */ = {isa = PBXBuildFile; fileRef = 686A5BFADF31FE458F1CA0F0 /* Pods_XMMPAuth.framework */; };
		802A57832724547100FC0AE0 /* BaseViewController.swift in Sources */ = {isa = PBXBuildFile; fileRef = 802A57822724547100FC0AE0 /* BaseViewController.swift */; };
		802A57892724549B00FC0AE0 /* XMPPConfigureManager.swift in Sources */ = {isa = PBXBuildFile; fileRef = 802A57882724549B00FC0AE0 /* XMPPConfigureManager.swift */; };
		80A53368272491DF0061D1CA /* HomeViewController.swift in Sources */ = {isa = PBXBuildFile; fileRef = 80A53366272491DF0061D1CA /* HomeViewController.swift */; };
		80A53369272491DF0061D1CA /* HomeViewController.xib in Resources */ = {isa = PBXBuildFile; fileRef = 80A53367272491DF0061D1CA /* HomeViewController.xib */; };
		80A53370272492F90061D1CA /* CityTableViewCell.swift in Sources */ = {isa = PBXBuildFile; fileRef = 80A5336E272492F90061D1CA /* CityTableViewCell.swift */; };
		80A53371272492F90061D1CA /* CityTableViewCell.xib in Resources */ = {isa = PBXBuildFile; fileRef = 80A5336F272492F90061D1CA /* CityTableViewCell.xib */; };
		80A53376272509CB0061D1CA /* Utils.swift in Sources */ = {isa = PBXBuildFile; fileRef = 80A53375272509CB0061D1CA /* Utils.swift */; };
		80A5337B27250B4F0061D1CA /* HomeViewModel.swift in Sources */ = {isa = PBXBuildFile; fileRef = 80A5337A27250B4F0061D1CA /* HomeViewModel.swift */; };
		80AEB1B9272570B00005FBE3 /* WebServices.swift in Sources */ = {isa = PBXBuildFile; fileRef = 80AEB1B8272570B00005FBE3 /* WebServices.swift */; };
		80AEB1C1272572BD0005FBE3 /* CityListModel.swift in Sources */ = {isa = PBXBuildFile; fileRef = 80AEB1C0272572BD0005FBE3 /* CityListModel.swift */; };
		80AEB1CB2725818E0005FBE3 /* CityDetailViewController.swift in Sources */ = {isa = PBXBuildFile; fileRef = 80AEB1C92725818D0005FBE3 /* CityDetailViewController.swift */; };
		80AEB1CC2725818E0005FBE3 /* CityDetailViewController.xib in Resources */ = {isa = PBXBuildFile; fileRef = 80AEB1CA2725818D0005FBE3 /* CityDetailViewController.xib */; };
		80AEB1D1272581AE0005FBE3 /* CityDetailViewModel.swift in Sources */ = {isa = PBXBuildFile; fileRef = 80AEB1D0272581AE0005FBE3 /* CityDetailViewModel.swift */; };
		80CC21192723CA6E005ACA83 /* AppDelegate.swift in Sources */ = {isa = PBXBuildFile; fileRef = 80CC21182723CA6E005ACA83 /* AppDelegate.swift */; };
		80CC211B2723CA6E005ACA83 /* SceneDelegate.swift in Sources */ = {isa = PBXBuildFile; fileRef = 80CC211A2723CA6E005ACA83 /* SceneDelegate.swift */; };
		80CC21222723CA70005ACA83 /* Assets.xcassets in Resources */ = {isa = PBXBuildFile; fileRef = 80CC21212723CA70005ACA83 /* Assets.xcassets */; };
		80CC21252723CA70005ACA83 /* LaunchScreen.storyboard in Resources */ = {isa = PBXBuildFile; fileRef = 80CC21232723CA70005ACA83 /* LaunchScreen.storyboard */; };
		80CC21302723CA70005ACA83 /* XMMPAuthTests.swift in Sources */ = {isa = PBXBuildFile; fileRef = 80CC212F2723CA70005ACA83 /* XMMPAuthTests.swift */; };
		80CC213B2723CA70005ACA83 /* XMMPAuthUITests.swift in Sources */ = {isa = PBXBuildFile; fileRef = 80CC213A2723CA70005ACA83 /* XMMPAuthUITests.swift */; };
		80CC21592723CC5E005ACA83 /* AuthViewController.swift in Sources */ = {isa = PBXBuildFile; fileRef = 80CC21572723CC5E005ACA83 /* AuthViewController.swift */; };
		80CC215A2723CC5E005ACA83 /* AuthViewController.xib in Resources */ = {isa = PBXBuildFile; fileRef = 80CC21582723CC5E005ACA83 /* AuthViewController.xib */; };
		80CC21612723CD6D005ACA83 /* BaseNavigationController.swift in Sources */ = {isa = PBXBuildFile; fileRef = 80CC21602723CD6D005ACA83 /* BaseNavigationController.swift */; };
		92509D9B9084C13BBBB31837 /* Pods_XMMPAuth_XMMPAuthUITests.framework in Frameworks */ = {isa = PBXBuildFile; fileRef = 2C1B4FB696E610A933BB5457 /* Pods_XMMPAuth_XMMPAuthUITests.framework */; };
		FB0395D79F8856F96E4EE026 /* Pods_XMMPAuthTests.framework in Frameworks */ = {isa = PBXBuildFile; fileRef = 83266EAB0A28F4AE09536B0E /* Pods_XMMPAuthTests.framework */; };
/* End PBXBuildFile section */

/* Begin PBXContainerItemProxy section */
		80CC212C2723CA70005ACA83 /* PBXContainerItemProxy */ = {
			isa = PBXContainerItemProxy;
			containerPortal = 80CC210D2723CA6E005ACA83 /* Project object */;
			proxyType = 1;
			remoteGlobalIDString = 80CC21142723CA6E005ACA83;
			remoteInfo = XMMPAuth;
		};
		80CC21372723CA70005ACA83 /* PBXContainerItemProxy */ = {
			isa = PBXContainerItemProxy;
			containerPortal = 80CC210D2723CA6E005ACA83 /* Project object */;
			proxyType = 1;
			remoteGlobalIDString = 80CC21142723CA6E005ACA83;
			remoteInfo = XMMPAuth;
		};
/* End PBXContainerItemProxy section */

/* Begin PBXFileReference section */
		2C1B4FB696E610A933BB5457 /* Pods_XMMPAuth_XMMPAuthUITests.framework */ = {isa = PBXFileReference; explicitFileType = wrapper.framework; includeInIndex = 0; path = Pods_XMMPAuth_XMMPAuthUITests.framework; sourceTree = BUILT_PRODUCTS_DIR; };
		310C6AE53138D67222E47D7D /* Pods-XMMPAuthTests.release.xcconfig */ = {isa = PBXFileReference; includeInIndex = 1; lastKnownFileType = text.xcconfig; name = "Pods-XMMPAuthTests.release.xcconfig"; path = "Target Support Files/Pods-XMMPAuthTests/Pods-XMMPAuthTests.release.xcconfig"; sourceTree = "<group>"; };
		4FA3C672D85918D4F63BB2A6 /* Pods-XMMPAuth.release.xcconfig */ = {isa = PBXFileReference; includeInIndex = 1; lastKnownFileType = text.xcconfig; name = "Pods-XMMPAuth.release.xcconfig"; path = "Target Support Files/Pods-XMMPAuth/Pods-XMMPAuth.release.xcconfig"; sourceTree = "<group>"; };
		686A5BFADF31FE458F1CA0F0 /* Pods_XMMPAuth.framework */ = {isa = PBXFileReference; explicitFileType = wrapper.framework; includeInIndex = 0; path = Pods_XMMPAuth.framework; sourceTree = BUILT_PRODUCTS_DIR; };
		78542FE4DFCB2284C29F5FD7 /* Pods-XMMPAuth.debug.xcconfig */ = {isa = PBXFileReference; includeInIndex = 1; lastKnownFileType = text.xcconfig; name = "Pods-XMMPAuth.debug.xcconfig"; path = "Target Support Files/Pods-XMMPAuth/Pods-XMMPAuth.debug.xcconfig"; sourceTree = "<group>"; };
		802A57822724547100FC0AE0 /* BaseViewController.swift */ = {isa = PBXFileReference; lastKnownFileType = sourcecode.swift; path = BaseViewController.swift; sourceTree = "<group>"; };
		802A57882724549B00FC0AE0 /* XMPPConfigureManager.swift */ = {isa = PBXFileReference; lastKnownFileType = sourcecode.swift; path = XMPPConfigureManager.swift; sourceTree = "<group>"; };
		80A53366272491DF0061D1CA /* HomeViewController.swift */ = {isa = PBXFileReference; lastKnownFileType = sourcecode.swift; path = HomeViewController.swift; sourceTree = "<group>"; };
		80A53367272491DF0061D1CA /* HomeViewController.xib */ = {isa = PBXFileReference; lastKnownFileType = file.xib; path = HomeViewController.xib; sourceTree = "<group>"; };
		80A5336E272492F90061D1CA /* CityTableViewCell.swift */ = {isa = PBXFileReference; lastKnownFileType = sourcecode.swift; path = CityTableViewCell.swift; sourceTree = "<group>"; };
		80A5336F272492F90061D1CA /* CityTableViewCell.xib */ = {isa = PBXFileReference; lastKnownFileType = file.xib; path = CityTableViewCell.xib; sourceTree = "<group>"; };
		80A53375272509CB0061D1CA /* Utils.swift */ = {isa = PBXFileReference; lastKnownFileType = sourcecode.swift; path = Utils.swift; sourceTree = "<group>"; };
		80A5337A27250B4F0061D1CA /* HomeViewModel.swift */ = {isa = PBXFileReference; lastKnownFileType = sourcecode.swift; path = HomeViewModel.swift; sourceTree = "<group>"; };
		80AEB1B8272570B00005FBE3 /* WebServices.swift */ = {isa = PBXFileReference; fileEncoding = 4; lastKnownFileType = sourcecode.swift; path = WebServices.swift; sourceTree = "<group>"; };
		80AEB1C0272572BD0005FBE3 /* CityListModel.swift */ = {isa = PBXFileReference; lastKnownFileType = sourcecode.swift; path = CityListModel.swift; sourceTree = "<group>"; };
		80AEB1C92725818D0005FBE3 /* CityDetailViewController.swift */ = {isa = PBXFileReference; lastKnownFileType = sourcecode.swift; path = CityDetailViewController.swift; sourceTree = "<group>"; };
		80AEB1CA2725818D0005FBE3 /* CityDetailViewController.xib */ = {isa = PBXFileReference; lastKnownFileType = file.xib; path = CityDetailViewController.xib; sourceTree = "<group>"; };
		80AEB1D0272581AE0005FBE3 /* CityDetailViewModel.swift */ = {isa = PBXFileReference; lastKnownFileType = sourcecode.swift; path = CityDetailViewModel.swift; sourceTree = "<group>"; };
		80CC21152723CA6E005ACA83 /* XMMPAuth.app */ = {isa = PBXFileReference; explicitFileType = wrapper.application; includeInIndex = 0; path = XMMPAuth.app; sourceTree = BUILT_PRODUCTS_DIR; };
		80CC21182723CA6E005ACA83 /* AppDelegate.swift */ = {isa = PBXFileReference; lastKnownFileType = sourcecode.swift; path = AppDelegate.swift; sourceTree = "<group>"; };
		80CC211A2723CA6E005ACA83 /* SceneDelegate.swift */ = {isa = PBXFileReference; lastKnownFileType = sourcecode.swift; path = SceneDelegate.swift; sourceTree = "<group>"; };
		80CC21212723CA70005ACA83 /* Assets.xcassets */ = {isa = PBXFileReference; lastKnownFileType = folder.assetcatalog; path = Assets.xcassets; sourceTree = "<group>"; };
		80CC21242723CA70005ACA83 /* Base */ = {isa = PBXFileReference; lastKnownFileType = file.storyboard; name = Base; path = Base.lproj/LaunchScreen.storyboard; sourceTree = "<group>"; };
		80CC21262723CA70005ACA83 /* Info.plist */ = {isa = PBXFileReference; lastKnownFileType = text.plist.xml; path = Info.plist; sourceTree = "<group>"; };
		80CC212B2723CA70005ACA83 /* XMMPAuthTests.xctest */ = {isa = PBXFileReference; explicitFileType = wrapper.cfbundle; includeInIndex = 0; path = XMMPAuthTests.xctest; sourceTree = BUILT_PRODUCTS_DIR; };
		80CC212F2723CA70005ACA83 /* XMMPAuthTests.swift */ = {isa = PBXFileReference; lastKnownFileType = sourcecode.swift; path = XMMPAuthTests.swift; sourceTree = "<group>"; };
		80CC21312723CA70005ACA83 /* Info.plist */ = {isa = PBXFileReference; lastKnownFileType = text.plist.xml; path = Info.plist; sourceTree = "<group>"; };
		80CC21362723CA70005ACA83 /* XMMPAuthUITests.xctest */ = {isa = PBXFileReference; explicitFileType = wrapper.cfbundle; includeInIndex = 0; path = XMMPAuthUITests.xctest; sourceTree = BUILT_PRODUCTS_DIR; };
		80CC213A2723CA70005ACA83 /* XMMPAuthUITests.swift */ = {isa = PBXFileReference; lastKnownFileType = sourcecode.swift; path = XMMPAuthUITests.swift; sourceTree = "<group>"; };
		80CC213C2723CA70005ACA83 /* Info.plist */ = {isa = PBXFileReference; lastKnownFileType = text.plist.xml; path = Info.plist; sourceTree = "<group>"; };
		80CC21572723CC5E005ACA83 /* AuthViewController.swift */ = {isa = PBXFileReference; lastKnownFileType = sourcecode.swift; path = AuthViewController.swift; sourceTree = "<group>"; };
		80CC21582723CC5E005ACA83 /* AuthViewController.xib */ = {isa = PBXFileReference; lastKnownFileType = file.xib; path = AuthViewController.xib; sourceTree = "<group>"; };
		80CC21602723CD6D005ACA83 /* BaseNavigationController.swift */ = {isa = PBXFileReference; lastKnownFileType = sourcecode.swift; path = BaseNavigationController.swift; sourceTree = "<group>"; };
		83266EAB0A28F4AE09536B0E /* Pods_XMMPAuthTests.framework */ = {isa = PBXFileReference; explicitFileType = wrapper.framework; includeInIndex = 0; path = Pods_XMMPAuthTests.framework; sourceTree = BUILT_PRODUCTS_DIR; };
		94A3805E01087E34998A12E9 /* Pods-XMMPAuth-XMMPAuthUITests.debug.xcconfig */ = {isa = PBXFileReference; includeInIndex = 1; lastKnownFileType = text.xcconfig; name = "Pods-XMMPAuth-XMMPAuthUITests.debug.xcconfig"; path = "Target Support Files/Pods-XMMPAuth-XMMPAuthUITests/Pods-XMMPAuth-XMMPAuthUITests.debug.xcconfig"; sourceTree = "<group>"; };
		B1A4ECEFBA707297AC908CFC /* Pods-XMMPAuth-XMMPAuthUITests.release.xcconfig */ = {isa = PBXFileReference; includeInIndex = 1; lastKnownFileType = text.xcconfig; name = "Pods-XMMPAuth-XMMPAuthUITests.release.xcconfig"; path = "Target Support Files/Pods-XMMPAuth-XMMPAuthUITests/Pods-XMMPAuth-XMMPAuthUITests.release.xcconfig"; sourceTree = "<group>"; };
		E9220EA1B529CA95F3FA4F39 /* Pods-XMMPAuthTests.debug.xcconfig */ = {isa = PBXFileReference; includeInIndex = 1; lastKnownFileType = text.xcconfig; name = "Pods-XMMPAuthTests.debug.xcconfig"; path = "Target Support Files/Pods-XMMPAuthTests/Pods-XMMPAuthTests.debug.xcconfig"; sourceTree = "<group>"; };
/* End PBXFileReference section */

/* Begin PBXFrameworksBuildPhase section */
		80CC21122723CA6E005ACA83 /* Frameworks */ = {
			isa = PBXFrameworksBuildPhase;
			buildActionMask = 2147483647;
			files = (
				138E65D9C42A858D6B64FB43 /* Pods_XMMPAuth.framework in Frameworks */,
			);
			runOnlyForDeploymentPostprocessing = 0;
		};
		80CC21282723CA70005ACA83 /* Frameworks */ = {
			isa = PBXFrameworksBuildPhase;
			buildActionMask = 2147483647;
			files = (
				FB0395D79F8856F96E4EE026 /* Pods_XMMPAuthTests.framework in Frameworks */,
			);
			runOnlyForDeploymentPostprocessing = 0;
		};
		80CC21332723CA70005ACA83 /* Frameworks */ = {
			isa = PBXFrameworksBuildPhase;
			buildActionMask = 2147483647;
			files = (
				92509D9B9084C13BBBB31837 /* Pods_XMMPAuth_XMMPAuthUITests.framework in Frameworks */,
			);
			runOnlyForDeploymentPostprocessing = 0;
		};
/* End PBXFrameworksBuildPhase section */

/* Begin PBXGroup section */
		802A57872724547800FC0AE0 /* ConfigureXMPP */ = {
			isa = PBXGroup;
			children = (
				802A57882724549B00FC0AE0 /* XMPPConfigureManager.swift */,
			);
			path = ConfigureXMPP;
			sourceTree = "<group>";
		};
		80A5336D272492D50061D1CA /* subViews */ = {
			isa = PBXGroup;
			children = (
				80A5336E272492F90061D1CA /* CityTableViewCell.swift */,
				80A5336F272492F90061D1CA /* CityTableViewCell.xib */,
			);
			path = subViews;
			sourceTree = "<group>";
		};
		80AEB1B7272570B00005FBE3 /* Networking */ = {
			isa = PBXGroup;
			children = (
				80AEB1B8272570B00005FBE3 /* WebServices.swift */,
			);
			path = Networking;
			sourceTree = "<group>";
		};
		80AEB1BD2725726B0005FBE3 /* ViewModel */ = {
			isa = PBXGroup;
			children = (
				80A5337A27250B4F0061D1CA /* HomeViewModel.swift */,
			);
			path = ViewModel;
			sourceTree = "<group>";
		};
		80AEB1BE2725727B0005FBE3 /* View */ = {
			isa = PBXGroup;
			children = (
				80A5336D272492D50061D1CA /* subViews */,
				80A53366272491DF0061D1CA /* HomeViewController.swift */,
				80A53367272491DF0061D1CA /* HomeViewController.xib */,
			);
			path = View;
			sourceTree = "<group>";
		};
		80AEB1BF2725728A0005FBE3 /* Model */ = {
			isa = PBXGroup;
			children = (
				80AEB1C0272572BD0005FBE3 /* CityListModel.swift */,
			);
			path = Model;
			sourceTree = "<group>";
		};
		80AEB1C527257CDB0005FBE3 /* CityDetails */ = {
			isa = PBXGroup;
			children = (
				80AEB1C827257D140005FBE3 /* Model */,
				80AEB1C727257D0A0005FBE3 /* Views */,
				80AEB1C627257CFC0005FBE3 /* ViewModel */,
			);
			path = CityDetails;
			sourceTree = "<group>";
		};
		80AEB1C627257CFC0005FBE3 /* ViewModel */ = {
			isa = PBXGroup;
			children = (
				80AEB1D0272581AE0005FBE3 /* CityDetailViewModel.swift */,
			);
			path = ViewModel;
			sourceTree = "<group>";
		};
		80AEB1C727257D0A0005FBE3 /* Views */ = {
			isa = PBXGroup;
			children = (
				80AEB1C92725818D0005FBE3 /* CityDetailViewController.swift */,
				80AEB1CA2725818D0005FBE3 /* CityDetailViewController.xib */,
			);
			path = Views;
			sourceTree = "<group>";
		};
		80AEB1C827257D140005FBE3 /* Model */ = {
			isa = PBXGroup;
			children = (
			);
			path = Model;
			sourceTree = "<group>";
		};
		80CC210C2723CA6E005ACA83 = {
			isa = PBXGroup;
			children = (
				80CC21172723CA6E005ACA83 /* XMMPAuth */,
				80CC212E2723CA70005ACA83 /* XMMPAuthTests */,
				80CC21392723CA70005ACA83 /* XMMPAuthUITests */,
				80CC21162723CA6E005ACA83 /* Products */,
				B8A8AF6FB14B0191B42B4BA5 /* Pods */,
				D664E8EA81AB378C1CEEE605 /* Frameworks */,
			);
			sourceTree = "<group>";
		};
		80CC21162723CA6E005ACA83 /* Products */ = {
			isa = PBXGroup;
			children = (
				80CC21152723CA6E005ACA83 /* XMMPAuth.app */,
				80CC212B2723CA70005ACA83 /* XMMPAuthTests.xctest */,
				80CC21362723CA70005ACA83 /* XMMPAuthUITests.xctest */,
			);
			name = Products;
			sourceTree = "<group>";
		};
		80CC21172723CA6E005ACA83 /* XMMPAuth */ = {
			isa = PBXGroup;
			children = (
				80CC215E2723CCDB005ACA83 /* common */,
				80CC214C2723CAC3005ACA83 /* scens */,
				80CC21182723CA6E005ACA83 /* AppDelegate.swift */,
				80CC211A2723CA6E005ACA83 /* SceneDelegate.swift */,
				80CC21212723CA70005ACA83 /* Assets.xcassets */,
				80CC21232723CA70005ACA83 /* LaunchScreen.storyboard */,
				80CC21262723CA70005ACA83 /* Info.plist */,
			);
			path = XMMPAuth;
			sourceTree = "<group>";
		};
		80CC212E2723CA70005ACA83 /* XMMPAuthTests */ = {
			isa = PBXGroup;
			children = (
				80CC212F2723CA70005ACA83 /* XMMPAuthTests.swift */,
				80CC21312723CA70005ACA83 /* Info.plist */,
			);
			path = XMMPAuthTests;
			sourceTree = "<group>";
		};
		80CC21392723CA70005ACA83 /* XMMPAuthUITests */ = {
			isa = PBXGroup;
			children = (
				80CC213A2723CA70005ACA83 /* XMMPAuthUITests.swift */,
				80CC213C2723CA70005ACA83 /* Info.plist */,
			);
			path = XMMPAuthUITests;
			sourceTree = "<group>";
		};
		80CC214B2723CAB4005ACA83 /* Auth */ = {
			isa = PBXGroup;
			children = (
				80CC21572723CC5E005ACA83 /* AuthViewController.swift */,
				80CC21582723CC5E005ACA83 /* AuthViewController.xib */,
			);
			path = Auth;
			sourceTree = "<group>";
		};
		80CC214C2723CAC3005ACA83 /* scens */ = {
			isa = PBXGroup;
			children = (
				80CC214B2723CAB4005ACA83 /* Auth */,
				80CC214D2723CAFB005ACA83 /* Home */,
				80AEB1C527257CDB0005FBE3 /* CityDetails */,
			);
			path = scens;
			sourceTree = "<group>";
		};
		80CC214D2723CAFB005ACA83 /* Home */ = {
			isa = PBXGroup;
			children = (
				80AEB1BF2725728A0005FBE3 /* Model */,
				80AEB1BE2725727B0005FBE3 /* View */,
				80AEB1BD2725726B0005FBE3 /* ViewModel */,
			);
			path = Home;
			sourceTree = "<group>";
		};
		80CC215E2723CCDB005ACA83 /* common */ = {
			isa = PBXGroup;
			children = (
				80AEB1B7272570B00005FBE3 /* Networking */,
				802A57872724547800FC0AE0 /* ConfigureXMPP */,
				80CC215F2723CCF3005ACA83 /* Base */,
				80A53375272509CB0061D1CA /* Utils.swift */,
			);
			path = common;
			sourceTree = "<group>";
		};
		80CC215F2723CCF3005ACA83 /* Base */ = {
			isa = PBXGroup;
			children = (
				80CC21602723CD6D005ACA83 /* BaseNavigationController.swift */,
				802A57822724547100FC0AE0 /* BaseViewController.swift */,
			);
			path = Base;
			sourceTree = "<group>";
		};
		B8A8AF6FB14B0191B42B4BA5 /* Pods */ = {
			isa = PBXGroup;
			children = (
				78542FE4DFCB2284C29F5FD7 /* Pods-XMMPAuth.debug.xcconfig */,
				4FA3C672D85918D4F63BB2A6 /* Pods-XMMPAuth.release.xcconfig */,
				94A3805E01087E34998A12E9 /* Pods-XMMPAuth-XMMPAuthUITests.debug.xcconfig */,
				B1A4ECEFBA707297AC908CFC /* Pods-XMMPAuth-XMMPAuthUITests.release.xcconfig */,
				E9220EA1B529CA95F3FA4F39 /* Pods-XMMPAuthTests.debug.xcconfig */,
				310C6AE53138D67222E47D7D /* Pods-XMMPAuthTests.release.xcconfig */,
			);
			path = Pods;
			sourceTree = "<group>";
		};
		D664E8EA81AB378C1CEEE605 /* Frameworks */ = {
			isa = PBXGroup;
			children = (
				686A5BFADF31FE458F1CA0F0 /* Pods_XMMPAuth.framework */,
				2C1B4FB696E610A933BB5457 /* Pods_XMMPAuth_XMMPAuthUITests.framework */,
				83266EAB0A28F4AE09536B0E /* Pods_XMMPAuthTests.framework */,
			);
			name = Frameworks;
			sourceTree = "<group>";
		};
/* End PBXGroup section */

/* Begin PBXNativeTarget section */
		80CC21142723CA6E005ACA83 /* XMMPAuth */ = {
			isa = PBXNativeTarget;
			buildConfigurationList = 80CC213F2723CA70005ACA83 /* Build configuration list for PBXNativeTarget "XMMPAuth" */;
			buildPhases = (
				F39D397C3CF1482EB11CD26C /* [CP] Check Pods Manifest.lock */,
				80CC21112723CA6E005ACA83 /* Sources */,
				80CC21122723CA6E005ACA83 /* Frameworks */,
				80CC21132723CA6E005ACA83 /* Resources */,
				3778ACAA365058A1498673FA /* [CP] Embed Pods Frameworks */,
			);
			buildRules = (
			);
			dependencies = (
			);
			name = XMMPAuth;
			productName = XMMPAuth;
			productReference = 80CC21152723CA6E005ACA83 /* XMMPAuth.app */;
			productType = "com.apple.product-type.application";
		};
		80CC212A2723CA70005ACA83 /* XMMPAuthTests */ = {
			isa = PBXNativeTarget;
			buildConfigurationList = 80CC21422723CA70005ACA83 /* Build configuration list for PBXNativeTarget "XMMPAuthTests" */;
			buildPhases = (
				8C692B15322D9B4237DEE664 /* [CP] Check Pods Manifest.lock */,
				80CC21272723CA70005ACA83 /* Sources */,
				80CC21282723CA70005ACA83 /* Frameworks */,
				80CC21292723CA70005ACA83 /* Resources */,
			);
			buildRules = (
			);
			dependencies = (
				80CC212D2723CA70005ACA83 /* PBXTargetDependency */,
			);
			name = XMMPAuthTests;
			productName = XMMPAuthTests;
			productReference = 80CC212B2723CA70005ACA83 /* XMMPAuthTests.xctest */;
			productType = "com.apple.product-type.bundle.unit-test";
		};
		80CC21352723CA70005ACA83 /* XMMPAuthUITests */ = {
			isa = PBXNativeTarget;
			buildConfigurationList = 80CC21452723CA70005ACA83 /* Build configuration list for PBXNativeTarget "XMMPAuthUITests" */;
			buildPhases = (
				9EF732717AF77B45B5D9C9EF /* [CP] Check Pods Manifest.lock */,
				80CC21322723CA70005ACA83 /* Sources */,
				80CC21332723CA70005ACA83 /* Frameworks */,
				80CC21342723CA70005ACA83 /* Resources */,
				0603D5D7FC0F6EE4DF6A94A9 /* [CP] Embed Pods Frameworks */,
			);
			buildRules = (
			);
			dependencies = (
				80CC21382723CA70005ACA83 /* PBXTargetDependency */,
			);
			name = XMMPAuthUITests;
			productName = XMMPAuthUITests;
			productReference = 80CC21362723CA70005ACA83 /* XMMPAuthUITests.xctest */;
			productType = "com.apple.product-type.bundle.ui-testing";
		};
/* End PBXNativeTarget section */

/* Begin PBXProject section */
		80CC210D2723CA6E005ACA83 /* Project object */ = {
			isa = PBXProject;
			attributes = {
				LastSwiftUpdateCheck = 1240;
				LastUpgradeCheck = 1240;
				TargetAttributes = {
					80CC21142723CA6E005ACA83 = {
						CreatedOnToolsVersion = 12.4;
					};
					80CC212A2723CA70005ACA83 = {
						CreatedOnToolsVersion = 12.4;
						TestTargetID = 80CC21142723CA6E005ACA83;
					};
					80CC21352723CA70005ACA83 = {
						CreatedOnToolsVersion = 12.4;
						TestTargetID = 80CC21142723CA6E005ACA83;
					};
				};
			};
			buildConfigurationList = 80CC21102723CA6E005ACA83 /* Build configuration list for PBXProject "XMMPAuth" */;
			compatibilityVersion = "Xcode 9.3";
			developmentRegion = en;
			hasScannedForEncodings = 0;
			knownRegions = (
				en,
				Base,
			);
			mainGroup = 80CC210C2723CA6E005ACA83;
			productRefGroup = 80CC21162723CA6E005ACA83 /* Products */;
			projectDirPath = "";
			projectRoot = "";
			targets = (
				80CC21142723CA6E005ACA83 /* XMMPAuth */,
				80CC212A2723CA70005ACA83 /* XMMPAuthTests */,
				80CC21352723CA70005ACA83 /* XMMPAuthUITests */,
			);
		};
/* End PBXProject section */

/* Begin PBXResourcesBuildPhase section */
		80CC21132723CA6E005ACA83 /* Resources */ = {
			isa = PBXResourcesBuildPhase;
			buildActionMask = 2147483647;
			files = (
				80A53371272492F90061D1CA /* CityTableViewCell.xib in Resources */,
				80CC21252723CA70005ACA83 /* LaunchScreen.storyboard in Resources */,
				80AEB1CC2725818E0005FBE3 /* CityDetailViewController.xib in Resources */,
				80CC215A2723CC5E005ACA83 /* AuthViewController.xib in Resources */,
				80CC21222723CA70005ACA83 /* Assets.xcassets in Resources */,
				80A53369272491DF0061D1CA /* HomeViewController.xib in Resources */,
			);
			runOnlyForDeploymentPostprocessing = 0;
		};
		80CC21292723CA70005ACA83 /* Resources */ = {
			isa = PBXResourcesBuildPhase;
			buildActionMask = 2147483647;
			files = (
			);
			runOnlyForDeploymentPostprocessing = 0;
		};
		80CC21342723CA70005ACA83 /* Resources */ = {
			isa = PBXResourcesBuildPhase;
			buildActionMask = 2147483647;
			files = (
			);
			runOnlyForDeploymentPostprocessing = 0;
		};
/* End PBXResourcesBuildPhase section */

/* Begin PBXShellScriptBuildPhase section */
		0603D5D7FC0F6EE4DF6A94A9 /* [CP] Embed Pods Frameworks */ = {
			isa = PBXShellScriptBuildPhase;
			buildActionMask = 2147483647;
			files = (
			);
			inputFileListPaths = (
				"${PODS_ROOT}/Target Support Files/Pods-XMMPAuth-XMMPAuthUITests/Pods-XMMPAuth-XMMPAuthUITests-frameworks-${CONFIGURATION}-input-files.xcfilelist",
			);
			name = "[CP] Embed Pods Frameworks";
			outputFileListPaths = (
				"${PODS_ROOT}/Target Support Files/Pods-XMMPAuth-XMMPAuthUITests/Pods-XMMPAuth-XMMPAuthUITests-frameworks-${CONFIGURATION}-output-files.xcfilelist",
			);
			runOnlyForDeploymentPostprocessing = 0;
			shellPath = /bin/sh;
			shellScript = "\"${PODS_ROOT}/Target Support Files/Pods-XMMPAuth-XMMPAuthUITests/Pods-XMMPAuth-XMMPAuthUITests-frameworks.sh\"\n";
			showEnvVarsInLog = 0;
		};
		3778ACAA365058A1498673FA /* [CP] Embed Pods Frameworks */ = {
			isa = PBXShellScriptBuildPhase;
			buildActionMask = 2147483647;
			files = (
			);
			inputFileListPaths = (
				"${PODS_ROOT}/Target Support Files/Pods-XMMPAuth/Pods-XMMPAuth-frameworks-${CONFIGURATION}-input-files.xcfilelist",
			);
			name = "[CP] Embed Pods Frameworks";
			outputFileListPaths = (
				"${PODS_ROOT}/Target Support Files/Pods-XMMPAuth/Pods-XMMPAuth-frameworks-${CONFIGURATION}-output-files.xcfilelist",
			);
			runOnlyForDeploymentPostprocessing = 0;
			shellPath = /bin/sh;
			shellScript = "\"${PODS_ROOT}/Target Support Files/Pods-XMMPAuth/Pods-XMMPAuth-frameworks.sh\"\n";
			showEnvVarsInLog = 0;
		};
		8C692B15322D9B4237DEE664 /* [CP] Check Pods Manifest.lock */ = {
			isa = PBXShellScriptBuildPhase;
			buildActionMask = 2147483647;
			files = (
			);
			inputFileListPaths = (
			);
			inputPaths = (
				"${PODS_PODFILE_DIR_PATH}/Podfile.lock",
				"${PODS_ROOT}/Manifest.lock",
			);
			name = "[CP] Check Pods Manifest.lock";
			outputFileListPaths = (
			);
			outputPaths = (
				"$(DERIVED_FILE_DIR)/Pods-XMMPAuthTests-checkManifestLockResult.txt",
			);
			runOnlyForDeploymentPostprocessing = 0;
			shellPath = /bin/sh;
			shellScript = "diff \"${PODS_PODFILE_DIR_PATH}/Podfile.lock\" \"${PODS_ROOT}/Manifest.lock\" > /dev/null\nif [ $? != 0 ] ; then\n    # print error to STDERR\n    echo \"error: The sandbox is not in sync with the Podfile.lock. Run 'pod install' or update your CocoaPods installation.\" >&2\n    exit 1\nfi\n# This output is used by Xcode 'outputs' to avoid re-running this script phase.\necho \"SUCCESS\" > \"${SCRIPT_OUTPUT_FILE_0}\"\n";
			showEnvVarsInLog = 0;
		};
		9EF732717AF77B45B5D9C9EF /* [CP] Check Pods Manifest.lock */ = {
			isa = PBXShellScriptBuildPhase;
			buildActionMask = 2147483647;
			files = (
			);
			inputFileListPaths = (
			);
			inputPaths = (
				"${PODS_PODFILE_DIR_PATH}/Podfile.lock",
				"${PODS_ROOT}/Manifest.lock",
			);
			name = "[CP] Check Pods Manifest.lock";
			outputFileListPaths = (
			);
			outputPaths = (
				"$(DERIVED_FILE_DIR)/Pods-XMMPAuth-XMMPAuthUITests-checkManifestLockResult.txt",
			);
			runOnlyForDeploymentPostprocessing = 0;
			shellPath = /bin/sh;
			shellScript = "diff \"${PODS_PODFILE_DIR_PATH}/Podfile.lock\" \"${PODS_ROOT}/Manifest.lock\" > /dev/null\nif [ $? != 0 ] ; then\n    # print error to STDERR\n    echo \"error: The sandbox is not in sync with the Podfile.lock. Run 'pod install' or update your CocoaPods installation.\" >&2\n    exit 1\nfi\n# This output is used by Xcode 'outputs' to avoid re-running this script phase.\necho \"SUCCESS\" > \"${SCRIPT_OUTPUT_FILE_0}\"\n";
			showEnvVarsInLog = 0;
		};
		F39D397C3CF1482EB11CD26C /* [CP] Check Pods Manifest.lock */ = {
			isa = PBXShellScriptBuildPhase;
			buildActionMask = 2147483647;
			files = (
			);
			inputFileListPaths = (
			);
			inputPaths = (
				"${PODS_PODFILE_DIR_PATH}/Podfile.lock",
				"${PODS_ROOT}/Manifest.lock",
			);
			name = "[CP] Check Pods Manifest.lock";
			outputFileListPaths = (
			);
			outputPaths = (
				"$(DERIVED_FILE_DIR)/Pods-XMMPAuth-checkManifestLockResult.txt",
			);
			runOnlyForDeploymentPostprocessing = 0;
			shellPath = /bin/sh;
			shellScript = "diff \"${PODS_PODFILE_DIR_PATH}/Podfile.lock\" \"${PODS_ROOT}/Manifest.lock\" > /dev/null\nif [ $? != 0 ] ; then\n    # print error to STDERR\n    echo \"error: The sandbox is not in sync with the Podfile.lock. Run 'pod install' or update your CocoaPods installation.\" >&2\n    exit 1\nfi\n# This output is used by Xcode 'outputs' to avoid re-running this script phase.\necho \"SUCCESS\" > \"${SCRIPT_OUTPUT_FILE_0}\"\n";
			showEnvVarsInLog = 0;
		};
/* End PBXShellScriptBuildPhase section */

/* Begin PBXSourcesBuildPhase section */
		80CC21112723CA6E005ACA83 /* Sources */ = {
			isa = PBXSourcesBuildPhase;
			buildActionMask = 2147483647;
			files = (
				80AEB1C1272572BD0005FBE3 /* CityListModel.swift in Sources */,
				802A57832724547100FC0AE0 /* BaseViewController.swift in Sources */,
				80CC21612723CD6D005ACA83 /* BaseNavigationController.swift in Sources */,
				80A53376272509CB0061D1CA /* Utils.swift in Sources */,
				80AEB1D1272581AE0005FBE3 /* CityDetailViewModel.swift in Sources */,
				80AEB1B9272570B00005FBE3 /* WebServices.swift in Sources */,
				80A5337B27250B4F0061D1CA /* HomeViewModel.swift in Sources */,
				80CC21192723CA6E005ACA83 /* AppDelegate.swift in Sources */,
				80CC21592723CC5E005ACA83 /* AuthViewController.swift in Sources */,
				80AEB1CB2725818E0005FBE3 /* CityDetailViewController.swift in Sources */,
				80CC211B2723CA6E005ACA83 /* SceneDelegate.swift in Sources */,
				80A53368272491DF0061D1CA /* HomeViewController.swift in Sources */,
				80A53370272492F90061D1CA /* CityTableViewCell.swift in Sources */,
				802A57892724549B00FC0AE0 /* XMPPConfigureManager.swift in Sources */,
			);
			runOnlyForDeploymentPostprocessing = 0;
		};
		80CC21272723CA70005ACA83 /* Sources */ = {
			isa = PBXSourcesBuildPhase;
			buildActionMask = 2147483647;
			files = (
				80CC21302723CA70005ACA83 /* XMMPAuthTests.swift in Sources */,
			);
			runOnlyForDeploymentPostprocessing = 0;
		};
		80CC21322723CA70005ACA83 /* Sources */ = {
			isa = PBXSourcesBuildPhase;
			buildActionMask = 2147483647;
			files = (
				80CC213B2723CA70005ACA83 /* XMMPAuthUITests.swift in Sources */,
			);
			runOnlyForDeploymentPostprocessing = 0;
		};
/* End PBXSourcesBuildPhase section */

/* Begin PBXTargetDependency section */
		80CC212D2723CA70005ACA83 /* PBXTargetDependency */ = {
			isa = PBXTargetDependency;
			target = 80CC21142723CA6E005ACA83 /* XMMPAuth */;
			targetProxy = 80CC212C2723CA70005ACA83 /* PBXContainerItemProxy */;
		};
		80CC21382723CA70005ACA83 /* PBXTargetDependency */ = {
			isa = PBXTargetDependency;
			target = 80CC21142723CA6E005ACA83 /* XMMPAuth */;
			targetProxy = 80CC21372723CA70005ACA83 /* PBXContainerItemProxy */;
		};
/* End PBXTargetDependency section */

/* Begin PBXVariantGroup section */
		80CC21232723CA70005ACA83 /* LaunchScreen.storyboard */ = {
			isa = PBXVariantGroup;
			children = (
				80CC21242723CA70005ACA83 /* Base */,
			);
			name = LaunchScreen.storyboard;
			sourceTree = "<group>";
		};
/* End PBXVariantGroup section */

/* Begin XCBuildConfiguration section */
		80CC213D2723CA70005ACA83 /* Debug */ = {
			isa = XCBuildConfiguration;
			buildSettings = {
				ALWAYS_SEARCH_USER_PATHS = NO;
				CLANG_ANALYZER_NONNULL = YES;
				CLANG_ANALYZER_NUMBER_OBJECT_CONVERSION = YES_AGGRESSIVE;
				CLANG_CXX_LANGUAGE_STANDARD = "gnu++14";
				CLANG_CXX_LIBRARY = "libc++";
				CLANG_ENABLE_MODULES = YES;
				CLANG_ENABLE_OBJC_ARC = YES;
				CLANG_ENABLE_OBJC_WEAK = YES;
				CLANG_WARN_BLOCK_CAPTURE_AUTORELEASING = YES;
				CLANG_WARN_BOOL_CONVERSION = YES;
				CLANG_WARN_COMMA = YES;
				CLANG_WARN_CONSTANT_CONVERSION = YES;
				CLANG_WARN_DEPRECATED_OBJC_IMPLEMENTATIONS = YES;
				CLANG_WARN_DIRECT_OBJC_ISA_USAGE = YES_ERROR;
				CLANG_WARN_DOCUMENTATION_COMMENTS = YES;
				CLANG_WARN_EMPTY_BODY = YES;
				CLANG_WARN_ENUM_CONVERSION = YES;
				CLANG_WARN_INFINITE_RECURSION = YES;
				CLANG_WARN_INT_CONVERSION = YES;
				CLANG_WARN_NON_LITERAL_NULL_CONVERSION = YES;
				CLANG_WARN_OBJC_IMPLICIT_RETAIN_SELF = YES;
				CLANG_WARN_OBJC_LITERAL_CONVERSION = YES;
				CLANG_WARN_OBJC_ROOT_CLASS = YES_ERROR;
				CLANG_WARN_QUOTED_INCLUDE_IN_FRAMEWORK_HEADER = YES;
				CLANG_WARN_RANGE_LOOP_ANALYSIS = YES;
				CLANG_WARN_STRICT_PROTOTYPES = YES;
				CLANG_WARN_SUSPICIOUS_MOVE = YES;
				CLANG_WARN_UNGUARDED_AVAILABILITY = YES_AGGRESSIVE;
				CLANG_WARN_UNREACHABLE_CODE = YES;
				CLANG_WARN__DUPLICATE_METHOD_MATCH = YES;
				COPY_PHASE_STRIP = NO;
				DEBUG_INFORMATION_FORMAT = dwarf;
				ENABLE_STRICT_OBJC_MSGSEND = YES;
				ENABLE_TESTABILITY = YES;
				GCC_C_LANGUAGE_STANDARD = gnu11;
				GCC_DYNAMIC_NO_PIC = NO;
				GCC_NO_COMMON_BLOCKS = YES;
				GCC_OPTIMIZATION_LEVEL = 0;
				GCC_PREPROCESSOR_DEFINITIONS = (
					"DEBUG=1",
					"$(inherited)",
				);
				GCC_WARN_64_TO_32_BIT_CONVERSION = YES;
				GCC_WARN_ABOUT_RETURN_TYPE = YES_ERROR;
				GCC_WARN_UNDECLARED_SELECTOR = YES;
				GCC_WARN_UNINITIALIZED_AUTOS = YES_AGGRESSIVE;
				GCC_WARN_UNUSED_FUNCTION = YES;
				GCC_WARN_UNUSED_VARIABLE = YES;
				IPHONEOS_DEPLOYMENT_TARGET = 14.4;
				MTL_ENABLE_DEBUG_INFO = INCLUDE_SOURCE;
				MTL_FAST_MATH = YES;
				ONLY_ACTIVE_ARCH = YES;
				SDKROOT = iphoneos;
				SWIFT_ACTIVE_COMPILATION_CONDITIONS = DEBUG;
				SWIFT_OPTIMIZATION_LEVEL = "-Onone";
			};
			name = Debug;
		};
		80CC213E2723CA70005ACA83 /* Release */ = {
			isa = XCBuildConfiguration;
			buildSettings = {
				ALWAYS_SEARCH_USER_PATHS = NO;
				CLANG_ANALYZER_NONNULL = YES;
				CLANG_ANALYZER_NUMBER_OBJECT_CONVERSION = YES_AGGRESSIVE;
				CLANG_CXX_LANGUAGE_STANDARD = "gnu++14";
				CLANG_CXX_LIBRARY = "libc++";
				CLANG_ENABLE_MODULES = YES;
				CLANG_ENABLE_OBJC_ARC = YES;
				CLANG_ENABLE_OBJC_WEAK = YES;
				CLANG_WARN_BLOCK_CAPTURE_AUTORELEASING = YES;
				CLANG_WARN_BOOL_CONVERSION = YES;
				CLANG_WARN_COMMA = YES;
				CLANG_WARN_CONSTANT_CONVERSION = YES;
				CLANG_WARN_DEPRECATED_OBJC_IMPLEMENTATIONS = YES;
				CLANG_WARN_DIRECT_OBJC_ISA_USAGE = YES_ERROR;
				CLANG_WARN_DOCUMENTATION_COMMENTS = YES;
				CLANG_WARN_EMPTY_BODY = YES;
				CLANG_WARN_ENUM_CONVERSION = YES;
				CLANG_WARN_INFINITE_RECURSION = YES;
				CLANG_WARN_INT_CONVERSION = YES;
				CLANG_WARN_NON_LITERAL_NULL_CONVERSION = YES;
				CLANG_WARN_OBJC_IMPLICIT_RETAIN_SELF = YES;
				CLANG_WARN_OBJC_LITERAL_CONVERSION = YES;
				CLANG_WARN_OBJC_ROOT_CLASS = YES_ERROR;
				CLANG_WARN_QUOTED_INCLUDE_IN_FRAMEWORK_HEADER = YES;
				CLANG_WARN_RANGE_LOOP_ANALYSIS = YES;
				CLANG_WARN_STRICT_PROTOTYPES = YES;
				CLANG_WARN_SUSPICIOUS_MOVE = YES;
				CLANG_WARN_UNGUARDED_AVAILABILITY = YES_AGGRESSIVE;
				CLANG_WARN_UNREACHABLE_CODE = YES;
				CLANG_WARN__DUPLICATE_METHOD_MATCH = YES;
				COPY_PHASE_STRIP = NO;
				DEBUG_INFORMATION_FORMAT = "dwarf-with-dsym";
				ENABLE_NS_ASSERTIONS = NO;
				ENABLE_STRICT_OBJC_MSGSEND = YES;
				GCC_C_LANGUAGE_STANDARD = gnu11;
				GCC_NO_COMMON_BLOCKS = YES;
				GCC_WARN_64_TO_32_BIT_CONVERSION = YES;
				GCC_WARN_ABOUT_RETURN_TYPE = YES_ERROR;
				GCC_WARN_UNDECLARED_SELECTOR = YES;
				GCC_WARN_UNINITIALIZED_AUTOS = YES_AGGRESSIVE;
				GCC_WARN_UNUSED_FUNCTION = YES;
				GCC_WARN_UNUSED_VARIABLE = YES;
				IPHONEOS_DEPLOYMENT_TARGET = 14.4;
				MTL_ENABLE_DEBUG_INFO = NO;
				MTL_FAST_MATH = YES;
				SDKROOT = iphoneos;
				SWIFT_COMPILATION_MODE = wholemodule;
				SWIFT_OPTIMIZATION_LEVEL = "-O";
				VALIDATE_PRODUCT = YES;
			};
			name = Release;
		};
		80CC21402723CA70005ACA83 /* Debug */ = {
			isa = XCBuildConfiguration;
			baseConfigurationReference = 78542FE4DFCB2284C29F5FD7 /* Pods-XMMPAuth.debug.xcconfig */;
			buildSettings = {
				ASSETCATALOG_COMPILER_APPICON_NAME = AppIcon;
				ASSETCATALOG_COMPILER_GLOBAL_ACCENT_COLOR_NAME = AccentColor;
				CODE_SIGN_STYLE = Automatic;
				INFOPLIST_FILE = XMMPAuth/Info.plist;
				IPHONEOS_DEPLOYMENT_TARGET = 10.0;
				LD_RUNPATH_SEARCH_PATHS = (
					"$(inherited)",
					"@executable_path/Frameworks",
				);
				PRODUCT_BUNDLE_IDENTIFIER = mahendraVishwakarma.XMMPAuth12;
				PRODUCT_NAME = "$(TARGET_NAME)";
				SWIFT_VERSION = 5.0;
				TARGETED_DEVICE_FAMILY = 1;
			};
			name = Debug;
		};
		80CC21412723CA70005ACA83 /* Release */ = {
			isa = XCBuildConfiguration;
			baseConfigurationReference = 4FA3C672D85918D4F63BB2A6 /* Pods-XMMPAuth.release.xcconfig */;
			buildSettings = {
				ASSETCATALOG_COMPILER_APPICON_NAME = AppIcon;
				ASSETCATALOG_COMPILER_GLOBAL_ACCENT_COLOR_NAME = AccentColor;
				CODE_SIGN_STYLE = Automatic;
				INFOPLIST_FILE = XMMPAuth/Info.plist;
				IPHONEOS_DEPLOYMENT_TARGET = 10.0;
				LD_RUNPATH_SEARCH_PATHS = (
					"$(inherited)",
					"@executable_path/Frameworks",
				);
				PRODUCT_BUNDLE_IDENTIFIER = mahendraVishwakarma.XMMPAuth12;
				PRODUCT_NAME = "$(TARGET_NAME)";
				SWIFT_VERSION = 5.0;
				TARGETED_DEVICE_FAMILY = 1;
			};
			name = Release;
		};
		80CC21432723CA70005ACA83 /* Debug */ = {
			isa = XCBuildConfiguration;
			baseConfigurationReference = E9220EA1B529CA95F3FA4F39 /* Pods-XMMPAuthTests.debug.xcconfig */;
			buildSettings = {
				ALWAYS_EMBED_SWIFT_STANDARD_LIBRARIES = YES;
				BUNDLE_LOADER = "$(TEST_HOST)";
				CODE_SIGN_STYLE = Automatic;
				INFOPLIST_FILE = XMMPAuthTests/Info.plist;
				IPHONEOS_DEPLOYMENT_TARGET = 14.4;
				LD_RUNPATH_SEARCH_PATHS = (
					"$(inherited)",
					"@executable_path/Frameworks",
					"@loader_path/Frameworks",
				);
				PRODUCT_BUNDLE_IDENTIFIER = mahendraVishwakarma.XMMPAuthTests;
				PRODUCT_NAME = "$(TARGET_NAME)";
				SWIFT_VERSION = 5.0;
				TARGETED_DEVICE_FAMILY = "1,2";
				TEST_HOST = "$(BUILT_PRODUCTS_DIR)/XMMPAuth.app/XMMPAuth";
			};
			name = Debug;
		};
		80CC21442723CA70005ACA83 /* Release */ = {
			isa = XCBuildConfiguration;
			baseConfigurationReference = 310C6AE53138D67222E47D7D /* Pods-XMMPAuthTests.release.xcconfig */;
			buildSettings = {
				ALWAYS_EMBED_SWIFT_STANDARD_LIBRARIES = YES;
				BUNDLE_LOADER = "$(TEST_HOST)";
				CODE_SIGN_STYLE = Automatic;
				INFOPLIST_FILE = XMMPAuthTests/Info.plist;
				IPHONEOS_DEPLOYMENT_TARGET = 14.4;
				LD_RUNPATH_SEARCH_PATHS = (
					"$(inherited)",
					"@executable_path/Frameworks",
					"@loader_path/Frameworks",
				);
				PRODUCT_BUNDLE_IDENTIFIER = mahendraVishwakarma.XMMPAuthTests;
				PRODUCT_NAME = "$(TARGET_NAME)";
				SWIFT_VERSION = 5.0;
				TARGETED_DEVICE_FAMILY = "1,2";
				TEST_HOST = "$(BUILT_PRODUCTS_DIR)/XMMPAuth.app/XMMPAuth";
			};
			name = Release;
		};
		80CC21462723CA70005ACA83 /* Debug */ = {
			isa = XCBuildConfiguration;
			baseConfigurationReference = 94A3805E01087E34998A12E9 /* Pods-XMMPAuth-XMMPAuthUITests.debug.xcconfig */;
			buildSettings = {
				ALWAYS_EMBED_SWIFT_STANDARD_LIBRARIES = YES;
				CODE_SIGN_STYLE = Automatic;
				INFOPLIST_FILE = XMMPAuthUITests/Info.plist;
				LD_RUNPATH_SEARCH_PATHS = (
					"$(inherited)",
					"@executable_path/Frameworks",
					"@loader_path/Frameworks",
				);
				PRODUCT_BUNDLE_IDENTIFIER = mahendraVishwakarma.XMMPAuthUITests;
				PRODUCT_NAME = "$(TARGET_NAME)";
				SWIFT_VERSION = 5.0;
				TARGETED_DEVICE_FAMILY = "1,2";
				TEST_TARGET_NAME = XMMPAuth;
			};
			name = Debug;
		};
		80CC21472723CA70005ACA83 /* Release */ = {
			isa = XCBuildConfiguration;
			baseConfigurationReference = B1A4ECEFBA707297AC908CFC /* Pods-XMMPAuth-XMMPAuthUITests.release.xcconfig */;
			buildSettings = {
				ALWAYS_EMBED_SWIFT_STANDARD_LIBRARIES = YES;
				CODE_SIGN_STYLE = Automatic;
				INFOPLIST_FILE = XMMPAuthUITests/Info.plist;
				LD_RUNPATH_SEARCH_PATHS = (
					"$(inherited)",
					"@executable_path/Frameworks",
					"@loader_path/Frameworks",
				);
				PRODUCT_BUNDLE_IDENTIFIER = mahendraVishwakarma.XMMPAuthUITests;
				PRODUCT_NAME = "$(TARGET_NAME)";
				SWIFT_VERSION = 5.0;
				TARGETED_DEVICE_FAMILY = "1,2";
				TEST_TARGET_NAME = XMMPAuth;
			};
			name = Release;
		};
/* End XCBuildConfiguration section */

/* Begin XCConfigurationList section */
		80CC21102723CA6E005ACA83 /* Build configuration list for PBXProject "XMMPAuth" */ = {
			isa = XCConfigurationList;
			buildConfigurations = (
				80CC213D2723CA70005ACA83 /* Debug */,
				80CC213E2723CA70005ACA83 /* Release */,
			);
			defaultConfigurationIsVisible = 0;
			defaultConfigurationName = Release;
		};
		80CC213F2723CA70005ACA83 /* Build configuration list for PBXNativeTarget "XMMPAuth" */ = {
			isa = XCConfigurationList;
			buildConfigurations = (
				80CC21402723CA70005ACA83 /* Debug */,
				80CC21412723CA70005ACA83 /* Release */,
			);
			defaultConfigurationIsVisible = 0;
			defaultConfigurationName = Release;
		};
		80CC21422723CA70005ACA83 /* Build configuration list for PBXNativeTarget "XMMPAuthTests" */ = {
			isa = XCConfigurationList;
			buildConfigurations = (
				80CC21432723CA70005ACA83 /* Debug */,
				80CC21442723CA70005ACA83 /* Release */,
			);
			defaultConfigurationIsVisible = 0;
			defaultConfigurationName = Release;
		};
		80CC21452723CA70005ACA83 /* Build configuration list for PBXNativeTarget "XMMPAuthUITests" */ = {
			isa = XCConfigurationList;
			buildConfigurations = (
				80CC21462723CA70005ACA83 /* Debug */,
				80CC21472723CA70005ACA83 /* Release */,
			);
			defaultConfigurationIsVisible = 0;
			defaultConfigurationName = Release;
		};
/* End XCConfigurationList section */
	};
	rootObject = 80CC210D2723CA6E005ACA83 /* Project object */;
}
